
Microsoft Visual Studio Solution File, Format Version 12.00
# Visual Studio Version 16
VisualStudioVersion = 16.0.28803.452
MinimumVisualStudioVersion = 10.0.40219.1
Project("{9A19103F-16F7-4668-BE54-9A1E7A4F7556}") = "Foundation.Commerce.Connect", "Foundation.Commerce.Connect\Foundation.Commerce.Connect.csproj", "{DBEF84E9-DE7D-4782-B4BF-97528B98FB12}"
EndProject
Project("{2150E333-8FDC-42A3-9474-1A3956D46DE8}") = "Foundation", "Foundation", "{99E707B1-5C58-41B5-B459-B80B8B7C6C87}"
EndProject
Project("{2150E333-8FDC-42A3-9474-1A3956D46DE8}") = "Feature", "Feature", "{76556333-C7D9-4069-AD58-C6521C008A1C}"
EndProject
Project("{FAE04EC0-301F-11D3-BF4B-00C04F79EFBC}") = "Feature.Samples.Website", "Feature.Sample.Website\Feature.Samples.Website.csproj", "{406D3723-902E-44CD-B3AC-852FDDA7DD8B}"
EndProject
Global
	GlobalSection(SolutionConfigurationPlatforms) = preSolution
		Debug|Any CPU = Debug|Any CPU
		Release|Any CPU = Release|Any CPU
	EndGlobalSection
	GlobalSection(ProjectConfigurationPlatforms) = postSolution
		{DBEF84E9-DE7D-4782-B4BF-97528B98FB12}.Debug|Any CPU.ActiveCfg = Debug|Any CPU
		{DBEF84E9-DE7D-4782-B4BF-97528B98FB12}.Debug|Any CPU.Build.0 = Debug|Any CPU
		{DBEF84E9-DE7D-4782-B4BF-97528B98FB12}.Release|Any CPU.ActiveCfg = Release|Any CPU
		{DBEF84E9-DE7D-4782-B4BF-97528B98FB12}.Release|Any CPU.Build.0 = Release|Any CPU
		{406D3723-902E-44CD-B3AC-852FDDA7DD8B}.Debug|Any CPU.ActiveCfg = Debug|Any CPU
		{406D3723-902E-44CD-B3AC-852FDDA7DD8B}.Debug|Any CPU.Build.0 = Debug|Any CPU
		{406D3723-902E-44CD-B3AC-852FDDA7DD8B}.Release|Any CPU.ActiveCfg = Release|Any CPU
		{406D3723-902E-44CD-B3AC-852FDDA7DD8B}.Release|Any CPU.Build.0 = Release|Any CPU
	EndGlobalSection
	GlobalSection(SolutionProperties) = preSolution
		HideSolutionNode = FALSE
	EndGlobalSection
	GlobalSection(NestedProjects) = preSolution
		{DBEF84E9-DE7D-4782-B4BF-97528B98FB12} = {99E707B1-5C58-41B5-B459-B80B8B7C6C87}
		{406D3723-902E-44CD-B3AC-852FDDA7DD8B} = {76556333-C7D9-4069-AD58-C6521C008A1C}
	EndGlobalSection
	GlobalSection(ExtensibilityGlobals) = postSolution
		SolutionGuid = {6BB7E4C0-9C4B-4E5C-B23B-E02456C14A6E}
	EndGlobalSection
EndGlobal
